
Microsoft Visual Studio Solution File, Format Version 12.00
# Visual Studio Version 16
VisualStudioVersion = 16.0.29020.237
MinimumVisualStudioVersion = 10.0.40219.1
Project("{9A19103F-16F7-4668-BE54-9A1E7A4F7556}") = "MikroApi", "MikroApi\MikroApi.csproj", "{CCDE7745-D555-4819-8760-2DE329A2479D}"
EndProject
Project("{2150E333-8FDC-42A3-9474-1A3956D46DE8}") = "Test", "Test", "{5AFEE294-C559-4CE0-97DD-4433D023415E}"
EndProject
Project("{9A19103F-16F7-4668-BE54-9A1E7A4F7556}") = "UnitTest", "Test\UnitTest\UnitTest.csproj", "{45BC17B4-6C39-43B8-B115-3B0FEBC0C21A}"
EndProject
Project("{9A19103F-16F7-4668-BE54-9A1E7A4F7556}") = "ConsoleAppTest", "Test\ConsoleAppTest\ConsoleAppTest.csproj", "{9DE3BCD1-339B-41EF-81B3-8636021740E5}"
EndProject
Global
	GlobalSection(SolutionConfigurationPlatforms) = preSolution
		Debug|Any CPU = Debug|Any CPU
		Release|Any CPU = Release|Any CPU
	EndGlobalSection
	GlobalSection(ProjectConfigurationPlatforms) = postSolution
		{CCDE7745-D555-4819-8760-2DE329A2479D}.Debug|Any CPU.ActiveCfg = Debug|Any CPU
		{CCDE7745-D555-4819-8760-2DE329A2479D}.Debug|Any CPU.Build.0 = Debug|Any CPU
		{CCDE7745-D555-4819-8760-2DE329A2479D}.Release|Any CPU.ActiveCfg = Release|Any CPU
		{CCDE7745-D555-4819-8760-2DE329A2479D}.Release|Any CPU.Build.0 = Release|Any CPU
		{45BC17B4-6C39-43B8-B115-3B0FEBC0C21A}.Debug|Any CPU.ActiveCfg = Debug|Any CPU
		{45BC17B4-6C39-43B8-B115-3B0FEBC0C21A}.Debug|Any CPU.Build.0 = Debug|Any CPU
		{45BC17B4-6C39-43B8-B115-3B0FEBC0C21A}.Release|Any CPU.ActiveCfg = Release|Any CPU
		{45BC17B4-6C39-43B8-B115-3B0FEBC0C21A}.Release|Any CPU.Build.0 = Release|Any CPU
		{9DE3BCD1-339B-41EF-81B3-8636021740E5}.Debug|Any CPU.ActiveCfg = Debug|Any CPU
		{9DE3BCD1-339B-41EF-81B3-8636021740E5}.Debug|Any CPU.Build.0 = Debug|Any CPU
		{9DE3BCD1-339B-41EF-81B3-8636021740E5}.Release|Any CPU.ActiveCfg = Release|Any CPU
		{9DE3BCD1-339B-41EF-81B3-8636021740E5}.Release|Any CPU.Build.0 = Release|Any CPU
	EndGlobalSection
	GlobalSection(SolutionProperties) = preSolution
		HideSolutionNode = FALSE
	EndGlobalSection
	GlobalSection(NestedProjects) = preSolution
		{45BC17B4-6C39-43B8-B115-3B0FEBC0C21A} = {5AFEE294-C559-4CE0-97DD-4433D023415E}
		{9DE3BCD1-339B-41EF-81B3-8636021740E5} = {5AFEE294-C559-4CE0-97DD-4433D023415E}
	EndGlobalSection
	GlobalSection(ExtensibilityGlobals) = postSolution
		SolutionGuid = {3D5DA6C0-E26C-47E0-8FE8-35F67B74EAEA}
	EndGlobalSection
EndGlobal
