
Microsoft Visual Studio Solution File, Format Version 12.00
# Visual Studio Version 16
VisualStudioVersion = 16.0.29020.237
MinimumVisualStudioVersion = 10.0.40219.1
Project("{9A19103F-16F7-4668-BE54-9A1E7A4F7556}") = "MikroApi", "MikroApi\MikroApi.csproj", "{CCDE7745-D555-4819-8760-2DE329A2479D}"
EndProject
Project("{2150E333-8FDC-42A3-9474-1A3956D46DE8}") = "Test", "Test", "{5AFEE294-C559-4CE0-97DD-4433D023415E}"
EndProject
Project("{FAE04EC0-301F-11D3-BF4B-00C04F79EFBC}") = "UnitTest", "UnitTest\UnitTest.csproj", "{775BE32A-2BA4-4D37-8B54-C5C14B56DF34}"
EndProject
Project("{FAE04EC0-301F-11D3-BF4B-00C04F79EFBC}") = "ConsoleAppTest", "ConsoleAppTest\ConsoleAppTest.csproj", "{5CC6A36F-191D-400D-BA6A-CA8C41854ACC}"
EndProject
Global
	GlobalSection(SolutionConfigurationPlatforms) = preSolution
		Debug|Any CPU = Debug|Any CPU
		Release|Any CPU = Release|Any CPU
	EndGlobalSection
	GlobalSection(ProjectConfigurationPlatforms) = postSolution
		{CCDE7745-D555-4819-8760-2DE329A2479D}.Debug|Any CPU.ActiveCfg = Debug|Any CPU
		{CCDE7745-D555-4819-8760-2DE329A2479D}.Debug|Any CPU.Build.0 = Debug|Any CPU
		{CCDE7745-D555-4819-8760-2DE329A2479D}.Release|Any CPU.ActiveCfg = Release|Any CPU
		{CCDE7745-D555-4819-8760-2DE329A2479D}.Release|Any CPU.Build.0 = Release|Any CPU
		{775BE32A-2BA4-4D37-8B54-C5C14B56DF34}.Debug|Any CPU.ActiveCfg = Debug|Any CPU
		{775BE32A-2BA4-4D37-8B54-C5C14B56DF34}.Debug|Any CPU.Build.0 = Debug|Any CPU
		{775BE32A-2BA4-4D37-8B54-C5C14B56DF34}.Release|Any CPU.ActiveCfg = Release|Any CPU
		{775BE32A-2BA4-4D37-8B54-C5C14B56DF34}.Release|Any CPU.Build.0 = Release|Any CPU
		{5CC6A36F-191D-400D-BA6A-CA8C41854ACC}.Debug|Any CPU.ActiveCfg = Debug|Any CPU
		{5CC6A36F-191D-400D-BA6A-CA8C41854ACC}.Debug|Any CPU.Build.0 = Debug|Any CPU
		{5CC6A36F-191D-400D-BA6A-CA8C41854ACC}.Release|Any CPU.ActiveCfg = Release|Any CPU
		{5CC6A36F-191D-400D-BA6A-CA8C41854ACC}.Release|Any CPU.Build.0 = Release|Any CPU
	EndGlobalSection
	GlobalSection(SolutionProperties) = preSolution
		HideSolutionNode = FALSE
	EndGlobalSection
	GlobalSection(NestedProjects) = preSolution
		{775BE32A-2BA4-4D37-8B54-C5C14B56DF34} = {5AFEE294-C559-4CE0-97DD-4433D023415E}
		{5CC6A36F-191D-400D-BA6A-CA8C41854ACC} = {5AFEE294-C559-4CE0-97DD-4433D023415E}
	EndGlobalSection
	GlobalSection(ExtensibilityGlobals) = postSolution
		SolutionGuid = {3D5DA6C0-E26C-47E0-8FE8-35F67B74EAEA}
	EndGlobalSection
EndGlobal
