
Microsoft Visual Studio Solution File, Format Version 12.00
# Visual Studio Version 16
VisualStudioVersion = 16.0.29020.237
MinimumVisualStudioVersion = 10.0.40219.1
Project("{9A19103F-16F7-4668-BE54-9A1E7A4F7556}") = "MikroApi", "MikroApi\MikroApi.csproj", "{CCDE7745-D555-4819-8760-2DE329A2479D}"
EndProject
Project("{2150E333-8FDC-42A3-9474-1A3956D46DE8}") = "Test", "Test", "{5AFEE294-C559-4CE0-97DD-4433D023415E}"
EndProject
Project("{9A19103F-16F7-4668-BE54-9A1E7A4F7556}") = "MikroApiCore", "Test\ConsoleAppTest\MikroApiCore.csproj", "{0B6668E9-32E9-420A-9502-D64722C9DB7F}"
EndProject
Project("{FAE04EC0-301F-11D3-BF4B-00C04F79EFBC}") = "UnitTests", "Test\UnitTests\UnitTests.csproj", "{0475E912-E765-4D4E-ABB1-795FADC2349F}"
EndProject
Global
	GlobalSection(SolutionConfigurationPlatforms) = preSolution
		Debug|Any CPU = Debug|Any CPU
		Release|Any CPU = Release|Any CPU
	EndGlobalSection
	GlobalSection(ProjectConfigurationPlatforms) = postSolution
		{CCDE7745-D555-4819-8760-2DE329A2479D}.Debug|Any CPU.ActiveCfg = Debug|Any CPU
		{CCDE7745-D555-4819-8760-2DE329A2479D}.Debug|Any CPU.Build.0 = Debug|Any CPU
		{CCDE7745-D555-4819-8760-2DE329A2479D}.Release|Any CPU.ActiveCfg = Release|Any CPU
		{CCDE7745-D555-4819-8760-2DE329A2479D}.Release|Any CPU.Build.0 = Release|Any CPU
		{0B6668E9-32E9-420A-9502-D64722C9DB7F}.Debug|Any CPU.ActiveCfg = Debug|Any CPU
		{0B6668E9-32E9-420A-9502-D64722C9DB7F}.Debug|Any CPU.Build.0 = Debug|Any CPU
		{0B6668E9-32E9-420A-9502-D64722C9DB7F}.Release|Any CPU.ActiveCfg = Release|Any CPU
		{0B6668E9-32E9-420A-9502-D64722C9DB7F}.Release|Any CPU.Build.0 = Release|Any CPU
		{0475E912-E765-4D4E-ABB1-795FADC2349F}.Debug|Any CPU.ActiveCfg = Debug|Any CPU
		{0475E912-E765-4D4E-ABB1-795FADC2349F}.Debug|Any CPU.Build.0 = Debug|Any CPU
		{0475E912-E765-4D4E-ABB1-795FADC2349F}.Release|Any CPU.ActiveCfg = Release|Any CPU
		{0475E912-E765-4D4E-ABB1-795FADC2349F}.Release|Any CPU.Build.0 = Release|Any CPU
	EndGlobalSection
	GlobalSection(SolutionProperties) = preSolution
		HideSolutionNode = FALSE
	EndGlobalSection
	GlobalSection(NestedProjects) = preSolution
		{0B6668E9-32E9-420A-9502-D64722C9DB7F} = {5AFEE294-C559-4CE0-97DD-4433D023415E}
		{0475E912-E765-4D4E-ABB1-795FADC2349F} = {5AFEE294-C559-4CE0-97DD-4433D023415E}
	EndGlobalSection
	GlobalSection(ExtensibilityGlobals) = postSolution
		SolutionGuid = {3D5DA6C0-E26C-47E0-8FE8-35F67B74EAEA}
	EndGlobalSection
EndGlobal
